// !$*UTF8*$!
{
	archiveVersion = 1;
	classes = {
	};
	objectVersion = 56;
	objects = {

/* Begin PBXBuildFile section */
		83EECF4329BDF6B300E5479B /* AppDelegate.swift in Sources */ = {isa = PBXBuildFile; fileRef = 83EECF4229BDF6B300E5479B /* AppDelegate.swift */; };
		83EECF4529BDF6B300E5479B /* ViewController.swift in Sources */ = {isa = PBXBuildFile; fileRef = 83EECF4429BDF6B300E5479B /* ViewController.swift */; };
		83EECF4729BDF6B400E5479B /* Assets.xcassets in Resources */ = {isa = PBXBuildFile; fileRef = 83EECF4629BDF6B400E5479B /* Assets.xcassets */; };
		83EECF4A29BDF6B400E5479B /* Main.storyboard in Resources */ = {isa = PBXBuildFile; fileRef = 83EECF4829BDF6B400E5479B /* Main.storyboard */; };
		83EECF5229BDF70A00E5479B /* Renderer.swift in Sources */ = {isa = PBXBuildFile; fileRef = 83EECF5129BDF70A00E5479B /* Renderer.swift */; };
		83EECF5429BDF72A00E5479B /* TriangleMesh.swift in Sources */ = {isa = PBXBuildFile; fileRef = 83EECF5329BDF72A00E5479B /* TriangleMesh.swift */; };
		83EECF5629BE023200E5479B /* Shaders.metal in Sources */ = {isa = PBXBuildFile; fileRef = 83EECF5529BE023200E5479B /* Shaders.metal */; };
/* End PBXBuildFile section */

/* Begin PBXFileReference section */
		83EECF3F29BDF6B300E5479B /* CheeseGrater.app */ = {isa = PBXFileReference; explicitFileType = wrapper.application; includeInIndex = 0; path = CheeseGrater.app; sourceTree = BUILT_PRODUCTS_DIR; };
		83EECF4229BDF6B300E5479B /* AppDelegate.swift */ = {isa = PBXFileReference; lastKnownFileType = sourcecode.swift; path = AppDelegate.swift; sourceTree = "<group>"; };
		83EECF4429BDF6B300E5479B /* ViewController.swift */ = {isa = PBXFileReference; lastKnownFileType = sourcecode.swift; path = ViewController.swift; sourceTree = "<group>"; };
		83EECF4629BDF6B400E5479B /* Assets.xcassets */ = {isa = PBXFileReference; lastKnownFileType = folder.assetcatalog; path = Assets.xcassets; sourceTree = "<group>"; };
		83EECF4929BDF6B400E5479B /* Base */ = {isa = PBXFileReference; lastKnownFileType = file.storyboard; name = Base; path = Base.lproj/Main.storyboard; sourceTree = "<group>"; };
		83EECF4B29BDF6B400E5479B /* CheeseGrater.entitlements */ = {isa = PBXFileReference; lastKnownFileType = text.plist.entitlements; path = CheeseGrater.entitlements; sourceTree = "<group>"; };
		83EECF5129BDF70A00E5479B /* Renderer.swift */ = {isa = PBXFileReference; lastKnownFileType = sourcecode.swift; path = Renderer.swift; sourceTree = "<group>"; };
		83EECF5329BDF72A00E5479B /* TriangleMesh.swift */ = {isa = PBXFileReference; lastKnownFileType = sourcecode.swift; path = TriangleMesh.swift; sourceTree = "<group>"; };
		83EECF5529BE023200E5479B /* Shaders.metal */ = {isa = PBXFileReference; lastKnownFileType = sourcecode.metal; path = Shaders.metal; sourceTree = "<group>"; };
/* End PBXFileReference section */

/* Begin PBXFrameworksBuildPhase section */
		83EECF3C29BDF6B300E5479B /* Frameworks */ = {
			isa = PBXFrameworksBuildPhase;
			buildActionMask = 2147483647;
			files = (
			);
			runOnlyForDeploymentPostprocessing = 0;
		};
/* End PBXFrameworksBuildPhase section */

/* Begin PBXGroup section */
		83EECF3629BDF6B300E5479B = {
			isa = PBXGroup;
			children = (
				83EECF4129BDF6B300E5479B /* CheeseGrater */,
				83EECF4029BDF6B300E5479B /* Products */,
			);
			sourceTree = "<group>";
		};
		83EECF4029BDF6B300E5479B /* Products */ = {
			isa = PBXGroup;
			children = (
				83EECF3F29BDF6B300E5479B /* CheeseGrater.app */,
			);
			name = Products;
			sourceTree = "<group>";
		};
		83EECF4129BDF6B300E5479B /* CheeseGrater */ = {
			isa = PBXGroup;
			children = (
				83EECF4229BDF6B300E5479B /* AppDelegate.swift */,
				83EECF4429BDF6B300E5479B /* ViewController.swift */,
				83EECF5129BDF70A00E5479B /* Renderer.swift */,
				83EECF5329BDF72A00E5479B /* TriangleMesh.swift */,
				83EECF5529BE023200E5479B /* Shaders.metal */,
				83EECF4629BDF6B400E5479B /* Assets.xcassets */,
				83EECF4829BDF6B400E5479B /* Main.storyboard */,
				83EECF4B29BDF6B400E5479B /* CheeseGrater.entitlements */,
			);
			path = CheeseGrater;
			sourceTree = "<group>";
		};
/* End PBXGroup section */

/* Begin PBXNativeTarget section */
		83EECF3E29BDF6B300E5479B /* CheeseGrater */ = {
			isa = PBXNativeTarget;
			buildConfigurationList = 83EECF4E29BDF6B400E5479B /* Build configuration list for PBXNativeTarget "CheeseGrater" */;
			buildPhases = (
				83EECF3B29BDF6B300E5479B /* Sources */,
				83EECF3C29BDF6B300E5479B /* Frameworks */,
				83EECF3D29BDF6B300E5479B /* Resources */,
			);
			buildRules = (
			);
			dependencies = (
			);
			name = CheeseGrater;
			productName = CheeseGrater;
			productReference = 83EECF3F29BDF6B300E5479B /* CheeseGrater.app */;
			productType = "com.apple.product-type.application";
		};
/* End PBXNativeTarget section */

/* Begin PBXProject section */
		83EECF3729BDF6B300E5479B /* Project object */ = {
			isa = PBXProject;
			attributes = {
				BuildIndependentTargetsInParallel = 1;
				LastSwiftUpdateCheck = 1420;
				LastUpgradeCheck = 1420;
				TargetAttributes = {
					83EECF3E29BDF6B300E5479B = {
						CreatedOnToolsVersion = 14.2;
					};
				};
			};
			buildConfigurationList = 83EECF3A29BDF6B300E5479B /* Build configuration list for PBXProject "CheeseGrater" */;
			compatibilityVersion = "Xcode 14.0";
			developmentRegion = en;
			hasScannedForEncodings = 0;
			knownRegions = (
				en,
				Base,
			);
			mainGroup = 83EECF3629BDF6B300E5479B;
			productRefGroup = 83EECF4029BDF6B300E5479B /* Products */;
			projectDirPath = "";
			projectRoot = "";
			targets = (
				83EECF3E29BDF6B300E5479B /* CheeseGrater */,
			);
		};
/* End PBXProject section */

/* Begin PBXResourcesBuildPhase section */
		83EECF3D29BDF6B300E5479B /* Resources */ = {
			isa = PBXResourcesBuildPhase;
			buildActionMask = 2147483647;
			files = (
				83EECF4729BDF6B400E5479B /* Assets.xcassets in Resources */,
				83EECF4A29BDF6B400E5479B /* Main.storyboard in Resources */,
			);
			runOnlyForDeploymentPostprocessing = 0;
		};
/* End PBXResourcesBuildPhase section */

/* Begin PBXSourcesBuildPhase section */
		83EECF3B29BDF6B300E5479B /* Sources */ = {
			isa = PBXSourcesBuildPhase;
			buildActionMask = 2147483647;
			files = (
				83EECF4529BDF6B300E5479B /* ViewController.swift in Sources */,
				83EECF5429BDF72A00E5479B /* TriangleMesh.swift in Sources */,
				83EECF4329BDF6B300E5479B /* AppDelegate.swift in Sources */,
				83EECF5229BDF70A00E5479B /* Renderer.swift in Sources */,
				83EECF5629BE023200E5479B /* Shaders.metal in Sources */,
			);
			runOnlyForDeploymentPostprocessing = 0;
		};
/* End PBXSourcesBuildPhase section */

/* Begin PBXVariantGroup section */
		83EECF4829BDF6B400E5479B /* Main.storyboard */ = {
			isa = PBXVariantGroup;
			children = (
				83EECF4929BDF6B400E5479B /* Base */,
			);
			name = Main.storyboard;
			sourceTree = "<group>";
		};
/* End PBXVariantGroup section */

/* Begin XCBuildConfiguration section */
		83EECF4C29BDF6B400E5479B /* Debug */ = {
			isa = XCBuildConfiguration;
			buildSettings = {
				ALWAYS_SEARCH_USER_PATHS = NO;
				CLANG_ANALYZER_NONNULL = YES;
				CLANG_ANALYZER_NUMBER_OBJECT_CONVERSION = YES_AGGRESSIVE;
				CLANG_CXX_LANGUAGE_STANDARD = "gnu++20";
				CLANG_ENABLE_MODULES = YES;
				CLANG_ENABLE_OBJC_ARC = YES;
				CLANG_ENABLE_OBJC_WEAK = YES;
				CLANG_WARN_BLOCK_CAPTURE_AUTORELEASING = YES;
				CLANG_WARN_BOOL_CONVERSION = YES;
				CLANG_WARN_COMMA = YES;
				CLANG_WARN_CONSTANT_CONVERSION = YES;
				CLANG_WARN_DEPRECATED_OBJC_IMPLEMENTATIONS = YES;
				CLANG_WARN_DIRECT_OBJC_ISA_USAGE = YES_ERROR;
				CLANG_WARN_DOCUMENTATION_COMMENTS = YES;
				CLANG_WARN_EMPTY_BODY = YES;
				CLANG_WARN_ENUM_CONVERSION = YES;
				CLANG_WARN_INFINITE_RECURSION = YES;
				CLANG_WARN_INT_CONVERSION = YES;
				CLANG_WARN_NON_LITERAL_NULL_CONVERSION = YES;
				CLANG_WARN_OBJC_IMPLICIT_RETAIN_SELF = YES;
				CLANG_WARN_OBJC_LITERAL_CONVERSION = YES;
				CLANG_WARN_OBJC_ROOT_CLASS = YES_ERROR;
				CLANG_WARN_QUOTED_INCLUDE_IN_FRAMEWORK_HEADER = YES;
				CLANG_WARN_RANGE_LOOP_ANALYSIS = YES;
				CLANG_WARN_STRICT_PROTOTYPES = YES;
				CLANG_WARN_SUSPICIOUS_MOVE = YES;
				CLANG_WARN_UNGUARDED_AVAILABILITY = YES_AGGRESSIVE;
				CLANG_WARN_UNREACHABLE_CODE = YES;
				CLANG_WARN__DUPLICATE_METHOD_MATCH = YES;
				COPY_PHASE_STRIP = NO;
				DEBUG_INFORMATION_FORMAT = dwarf;
				ENABLE_STRICT_OBJC_MSGSEND = YES;
				ENABLE_TESTABILITY = YES;
				GCC_C_LANGUAGE_STANDARD = gnu11;
				GCC_DYNAMIC_NO_PIC = NO;
				GCC_NO_COMMON_BLOCKS = YES;
				GCC_OPTIMIZATION_LEVEL = 0;
				GCC_PREPROCESSOR_DEFINITIONS = (
					"DEBUG=1",
					"$(inherited)",
				);
				GCC_WARN_64_TO_32_BIT_CONVERSION = YES;
				GCC_WARN_ABOUT_RETURN_TYPE = YES_ERROR;
				GCC_WARN_UNDECLARED_SELECTOR = YES;
				GCC_WARN_UNINITIALIZED_AUTOS = YES_AGGRESSIVE;
				GCC_WARN_UNUSED_FUNCTION = YES;
				GCC_WARN_UNUSED_VARIABLE = YES;
				MACOSX_DEPLOYMENT_TARGET = 13.1;
				MTL_ENABLE_DEBUG_INFO = INCLUDE_SOURCE;
				MTL_FAST_MATH = YES;
				ONLY_ACTIVE_ARCH = YES;
				SDKROOT = macosx;
				SWIFT_ACTIVE_COMPILATION_CONDITIONS = DEBUG;
				SWIFT_OPTIMIZATION_LEVEL = "-Onone";
			};
			name = Debug;
		};
		83EECF4D29BDF6B400E5479B /* Release */ = {
			isa = XCBuildConfiguration;
			buildSettings = {
				ALWAYS_SEARCH_USER_PATHS = NO;
				CLANG_ANALYZER_NONNULL = YES;
				CLANG_ANALYZER_NUMBER_OBJECT_CONVERSION = YES_AGGRESSIVE;
				CLANG_CXX_LANGUAGE_STANDARD = "gnu++20";
				CLANG_ENABLE_MODULES = YES;
				CLANG_ENABLE_OBJC_ARC = YES;
				CLANG_ENABLE_OBJC_WEAK = YES;
				CLANG_WARN_BLOCK_CAPTURE_AUTORELEASING = YES;
				CLANG_WARN_BOOL_CONVERSION = YES;
				CLANG_WARN_COMMA = YES;
				CLANG_WARN_CONSTANT_CONVERSION = YES;
				CLANG_WARN_DEPRECATED_OBJC_IMPLEMENTATIONS = YES;
				CLANG_WARN_DIRECT_OBJC_ISA_USAGE = YES_ERROR;
				CLANG_WARN_DOCUMENTATION_COMMENTS = YES;
				CLANG_WARN_EMPTY_BODY = YES;
				CLANG_WARN_ENUM_CONVERSION = YES;
				CLANG_WARN_INFINITE_RECURSION = YES;
				CLANG_WARN_INT_CONVERSION = YES;
				CLANG_WARN_NON_LITERAL_NULL_CONVERSION = YES;
				CLANG_WARN_OBJC_IMPLICIT_RETAIN_SELF = YES;
				CLANG_WARN_OBJC_LITERAL_CONVERSION = YES;
				CLANG_WARN_OBJC_ROOT_CLASS = YES_ERROR;
				CLANG_WARN_QUOTED_INCLUDE_IN_FRAMEWORK_HEADER = YES;
				CLANG_WARN_RANGE_LOOP_ANALYSIS = YES;
				CLANG_WARN_STRICT_PROTOTYPES = YES;
				CLANG_WARN_SUSPICIOUS_MOVE = YES;
				CLANG_WARN_UNGUARDED_AVAILABILITY = YES_AGGRESSIVE;
				CLANG_WARN_UNREACHABLE_CODE = YES;
				CLANG_WARN__DUPLICATE_METHOD_MATCH = YES;
				COPY_PHASE_STRIP = NO;
				DEBUG_INFORMATION_FORMAT = "dwarf-with-dsym";
				ENABLE_NS_ASSERTIONS = NO;
				ENABLE_STRICT_OBJC_MSGSEND = YES;
				GCC_C_LANGUAGE_STANDARD = gnu11;
				GCC_NO_COMMON_BLOCKS = YES;
				GCC_WARN_64_TO_32_BIT_CONVERSION = YES;
				GCC_WARN_ABOUT_RETURN_TYPE = YES_ERROR;
				GCC_WARN_UNDECLARED_SELECTOR = YES;
				GCC_WARN_UNINITIALIZED_AUTOS = YES_AGGRESSIVE;
				GCC_WARN_UNUSED_FUNCTION = YES;
				GCC_WARN_UNUSED_VARIABLE = YES;
				MACOSX_DEPLOYMENT_TARGET = 13.1;
				MTL_ENABLE_DEBUG_INFO = NO;
				MTL_FAST_MATH = YES;
				SDKROOT = macosx;
				SWIFT_COMPILATION_MODE = wholemodule;
				SWIFT_OPTIMIZATION_LEVEL = "-O";
			};
			name = Release;
		};
		83EECF4F29BDF6B400E5479B /* Debug */ = {
			isa = XCBuildConfiguration;
			buildSettings = {
				ASSETCATALOG_COMPILER_APPICON_NAME = AppIcon;
				ASSETCATALOG_COMPILER_GLOBAL_ACCENT_COLOR_NAME = AccentColor;
				CODE_SIGN_ENTITLEMENTS = CheeseGrater/CheeseGrater.entitlements;
				CODE_SIGN_STYLE = Automatic;
				COMBINE_HIDPI_IMAGES = YES;
				CURRENT_PROJECT_VERSION = 1;
				DEVELOPMENT_TEAM = V3DAZRUVA6;
				ENABLE_HARDENED_RUNTIME = YES;
				GENERATE_INFOPLIST_FILE = YES;
				INFOPLIST_KEY_NSHumanReadableCopyright = "";
				INFOPLIST_KEY_NSMainStoryboardFile = Main;
				INFOPLIST_KEY_NSPrincipalClass = NSApplication;
				LD_RUNPATH_SEARCH_PATHS = (
					"$(inherited)",
					"@executable_path/../Frameworks",
				);
				MACOSX_DEPLOYMENT_TARGET = 11.0;
				MARKETING_VERSION = 1.0;
				PRODUCT_BUNDLE_IDENTIFIER = app.crispybits.CheeseGrater;
				PRODUCT_NAME = "$(TARGET_NAME)";
				SWIFT_EMIT_LOC_STRINGS = YES;
				SWIFT_VERSION = 5.0;
			};
			name = Debug;
		};
		83EECF5029BDF6B400E5479B /* Release */ = {
			isa = XCBuildConfiguration;
			buildSettings = {
				ASSETCATALOG_COMPILER_APPICON_NAME = AppIcon;
				ASSETCATALOG_COMPILER_GLOBAL_ACCENT_COLOR_NAME = AccentColor;
				CODE_SIGN_ENTITLEMENTS = CheeseGrater/CheeseGrater.entitlements;
				CODE_SIGN_STYLE = Automatic;
				COMBINE_HIDPI_IMAGES = YES;
				CURRENT_PROJECT_VERSION = 1;
				DEVELOPMENT_TEAM = V3DAZRUVA6;
				ENABLE_HARDENED_RUNTIME = YES;
				GENERATE_INFOPLIST_FILE = YES;
				INFOPLIST_KEY_NSHumanReadableCopyright = "";
				INFOPLIST_KEY_NSMainStoryboardFile = Main;
				INFOPLIST_KEY_NSPrincipalClass = NSApplication;
				LD_RUNPATH_SEARCH_PATHS = (
					"$(inherited)",
					"@executable_path/../Frameworks",
				);
				MACOSX_DEPLOYMENT_TARGET = 11.0;
				MARKETING_VERSION = 1.0;
				PRODUCT_BUNDLE_IDENTIFIER = app.crispybits.CheeseGrater;
				PRODUCT_NAME = "$(TARGET_NAME)";
				SWIFT_EMIT_LOC_STRINGS = YES;
				SWIFT_VERSION = 5.0;
			};
			name = Release;
		};
/* End XCBuildConfiguration section */

/* Begin XCConfigurationList section */
		83EECF3A29BDF6B300E5479B /* Build configuration list for PBXProject "CheeseGrater" */ = {
			isa = XCConfigurationList;
			buildConfigurations = (
				83EECF4C29BDF6B400E5479B /* Debug */,
				83EECF4D29BDF6B400E5479B /* Release */,
			);
			defaultConfigurationIsVisible = 0;
			defaultConfigurationName = Release;
		};
		83EECF4E29BDF6B400E5479B /* Build configuration list for PBXNativeTarget "CheeseGrater" */ = {
			isa = XCConfigurationList;
			buildConfigurations = (
				83EECF4F29BDF6B400E5479B /* Debug */,
				83EECF5029BDF6B400E5479B /* Release */,
			);
			defaultConfigurationIsVisible = 0;
			defaultConfigurationName = Release;
		};
/* End XCConfigurationList section */
	};
	rootObject = 83EECF3729BDF6B300E5479B /* Project object */;
}
